<?xml version="1.0" encoding="utf-8"?>
<Project ToolsVersion="4.0" xmlns="http://schemas.microsoft.com/developer/msbuild/2003">
  <ItemGroup>
    <Filter Include="Source Files">
      <UniqueIdentifier>{4FC737F1-C7A5-4376-A066-2A32D752A2FF}</UniqueIdentifier>
      <Extensions>cpp;c;cc;cxx;def;odl;idl;hpj;bat;asm;asmx</Extensions>
    </Filter>
    <Filter Include="Header Files">
      <UniqueIdentifier>{93995380-89BD-4b04-88EB-625FBE52EBFB}</UniqueIdentifier>
      <Extensions>h;hh;hpp;hxx;hm;inl;inc;ipp;xsd</Extensions>
    </Filter>
    <Filter Include="Resource Files">
      <UniqueIdentifier>{67DA6AB6-F800-4c08-8B7A-83BB121AAD01}</UniqueIdentifier>
      <Extensions>rc;ico;cur;bmp;dlg;rc2;rct;bin;rgs;gif;jpg;jpeg;jpe;resx;tiff;tif;png;wav;mfcribbon-ms</Extensions>
    </Filter>
    <Filter Include="Singletons">
      <UniqueIdentifier>{60708ceb-62fe-4da1-a201-6f1364c3ae49}</UniqueIdentifier>
    </Filter>
    <Filter Include="DataStructures">
      <UniqueIdentifier>{bf0c3253-9737-46da-bec9-86ce2d5b1fad}</UniqueIdentifier>
    </Filter>
  </ItemGroup>
  <ItemGroup>
    <ClCompile Include="GameEngine.cpp">
      <Filter>Source Files</Filter>
    </ClCompile>
    <ClCompile Include="Singletons\Platform.cpp">
      <Filter>Singletons</Filter>
    </ClCompile>
    <ClCompile Include="String.cpp">
      <Filter>Source Files</Filter>
    </ClCompile>
    <ClCompile Include="State.cpp">
      <Filter>Source Files</Filter>
    </ClCompile>
    <ClCompile Include="Singletons\GameManager.cpp">
      <Filter>Singletons</Filter>
    </ClCompile>
    <ClCompile Include="Singletons\StackAllocator.cpp">
      <Filter>Singletons</Filter>
    </ClCompile>
    <ClCompile Include="Singletons\Debug.cpp">
      <Filter>Singletons</Filter>
    </ClCompile>
    <ClCompile Include="Vec2.cpp">
      <Filter>Source Files</Filter>
    </ClCompile>
    <ClCompile Include="Singletons\AssetManager.cpp">
      <Filter>Singletons</Filter>
    </ClCompile>
    <ClCompile Include="Image.cpp">
      <Filter>Source Files</Filter>
    </ClCompile>
    <ClCompile Include="Singletons\AudioManager.cpp">
      <Filter>Singletons</Filter>
    </ClCompile>
    <ClCompile Include="FileManipulation.cpp">
      <Filter>Source Files</Filter>
    </ClCompile>
  </ItemGroup>
  <ItemGroup>
    <ClInclude Include="DataStructure\Tree.h">
      <Filter>DataStructures</Filter>
    </ClInclude>
    <ClInclude Include="DataStructure\NodeT.h">
      <Filter>DataStructures</Filter>
    </ClInclude>
    <ClInclude Include="DataStructure\List.h">
      <Filter>DataStructures</Filter>
    </ClInclude>
    <ClInclude Include="DataStructure\NodeL.h">
      <Filter>DataStructures</Filter>
    </ClInclude>
    <ClInclude Include="DataStructure\Vector.h">
      <Filter>DataStructures</Filter>
    </ClInclude>
    <ClInclude Include="MessageException.h">
      <Filter>Header Files</Filter>
    </ClInclude>
    <ClInclude Include="Singletons\Platform.h">
      <Filter>Singletons</Filter>
    </ClInclude>
    <ClInclude Include="String.h">
      <Filter>Header Files</Filter>
    </ClInclude>
    <ClInclude Include="State.h">
      <Filter>Header Files</Filter>
    </ClInclude>
    <ClInclude Include="Singletons\GameManager.h">
      <Filter>Singletons</Filter>
    </ClInclude>
    <ClInclude Include="DataStructure\NodoS.h">
      <Filter>DataStructures</Filter>
    </ClInclude>
    <ClInclude Include="DataStructure\Stack.h">
      <Filter>DataStructures</Filter>
    </ClInclude>
    <ClInclude Include="Singletons\StackAllocator.h">
      <Filter>Singletons</Filter>
    </ClInclude>
    <ClInclude Include="Singletons\Debug.h">
      <Filter>Singletons</Filter>
    </ClInclude>
    <ClInclude Include="Vec2.h">
      <Filter>Header Files</Filter>
    </ClInclude>
    <ClInclude Include="Singletons\AssetManager.h">
      <Filter>Singletons</Filter>
    </ClInclude>
    <ClInclude Include="Image.h">
      <Filter>Header Files</Filter>
    </ClInclude>
    <ClInclude Include="Singletons\AudioManager.h">
      <Filter>Singletons</Filter>
    </ClInclude>
    <ClInclude Include="FileManipulation.h">
      <Filter>Header Files</Filter>
    </ClInclude>
    <ClInclude Include="DataStructure\Map.h">
      <Filter>DataStructures</Filter>
    </ClInclude>
    <ClInclude Include="DataStructure\NodeM.h">
      <Filter>DataStructures</Filter>
    </ClInclude>
  </ItemGroup>
</Project>